
Microsoft Visual Studio Solution File, Format Version 12.00
# Visual Studio Version 16
VisualStudioVersion = 16.0.30523.141
MinimumVisualStudioVersion = 10.0.40219.1
Project("{FAE04EC0-301F-11D3-BF4B-00C04F79EFBC}") = "The Casier", "The Casier\The Casier.csproj", "{4C93FFC3-9E53-4389-82C0-DFE422CCE7B5}"
EndProject
Global
	GlobalSection(SolutionConfigurationPlatforms) = preSolution
		Debug|Any CPU = Debug|Any CPU
		Release|Any CPU = Release|Any CPU
	EndGlobalSection
	GlobalSection(ProjectConfigurationPlatforms) = postSolution
		{4C93FFC3-9E53-4389-82C0-DFE422CCE7B5}.Debug|Any CPU.ActiveCfg = Debug|Any CPU
		{4C93FFC3-9E53-4389-82C0-DFE422CCE7B5}.Debug|Any CPU.Build.0 = Debug|Any CPU
		{4C93FFC3-9E53-4389-82C0-DFE422CCE7B5}.Release|Any CPU.ActiveCfg = Release|Any CPU
		{4C93FFC3-9E53-4389-82C0-DFE422CCE7B5}.Release|Any CPU.Build.0 = Release|Any CPU
	EndGlobalSection
	GlobalSection(SolutionProperties) = preSolution
		HideSolutionNode = FALSE
	EndGlobalSection
	GlobalSection(ExtensibilityGlobals) = postSolution
		SolutionGuid = {4C976BAB-C246-4A42-AD8E-E9E576F91394}
	EndGlobalSection
EndGlobal
